<?xml version="1.0" encoding="utf-8"?>
<Project ToolsVersion="4.0" xmlns="http://schemas.microsoft.com/developer/msbuild/2003">
  <ItemGroup>
    <Filter Include="源文件">
      <UniqueIdentifier>{4FC737F1-C7A5-4376-A066-2A32D752A2FF}</UniqueIdentifier>
      <Extensions>cpp;c;cc;cxx;def;odl;idl;hpj;bat;asm;asmx</Extensions>
    </Filter>
    <Filter Include="头文件">
      <UniqueIdentifier>{93995380-89BD-4b04-88EB-625FBE52EBFB}</UniqueIdentifier>
      <Extensions>h;hh;hpp;hxx;hm;inl;inc;ipp;xsd</Extensions>
    </Filter>
    <Filter Include="资源文件">
      <UniqueIdentifier>{67DA6AB6-F800-4c08-8B7A-83BB121AAD01}</UniqueIdentifier>
      <Extensions>rc;ico;cur;bmp;dlg;rc2;rct;bin;rgs;gif;jpg;jpeg;jpe;resx;tiff;tif;png;wav;mfcribbon-ms</Extensions>
    </Filter>
    <Filter Include="源文件\Model">
      <UniqueIdentifier>{b7e43d1d-10db-485e-9ac9-60ccbf423cdd}</UniqueIdentifier>
    </Filter>
    <Filter Include="源文件\Control">
      <UniqueIdentifier>{1bafc965-51e6-4c4e-a083-b6b9832e0da4}</UniqueIdentifier>
    </Filter>
    <Filter Include="源文件\View">
      <UniqueIdentifier>{ca2cbfbc-477e-4155-bfd6-d911f62b8032}</UniqueIdentifier>
    </Filter>
  </ItemGroup>
  <ItemGroup>
    <ClInclude Include="include\Board.h">
      <Filter>头文件</Filter>
    </ClInclude>
    <ClInclude Include="include\EndScene.h">
      <Filter>头文件</Filter>
    </ClInclude>
    <ClInclude Include="include\GameController.h">
      <Filter>头文件</Filter>
    </ClInclude>
    <ClInclude Include="include\GameEndedStateHandler.h">
      <Filter>头文件</Filter>
    </ClInclude>
    <ClInclude Include="include\GameInProgressHandler.h">
      <Filter>头文件</Filter>
    </ClInclude>
    <ClInclude Include="include\GameModel.h">
      <Filter>头文件</Filter>
    </ClInclude>
    <ClInclude Include="include\GameScene.h">
      <Filter>头文件</Filter>
    </ClInclude>
    <ClInclude Include="include\GameStateHandler.h">
      <Filter>头文件</Filter>
    </ClInclude>
    <ClInclude Include="include\GameView.h">
      <Filter>头文件</Filter>
    </ClInclude>
    <ClInclude Include="include\HelpScene.h">
      <Filter>头文件</Filter>
    </ClInclude>
    <ClInclude Include="include\HelpStateHandler.h">
      <Filter>头文件</Filter>
    </ClInclude>
    <ClInclude Include="include\MainMenuScene.h">
      <Filter>头文件</Filter>
    </ClInclude>
    <ClInclude Include="include\MainMenuStateHandler.h">
      <Filter>头文件</Filter>
    </ClInclude>
    <ClInclude Include="include\Observer.h">
      <Filter>头文件</Filter>
    </ClInclude>
    <ClInclude Include="include\Peg.h">
      <Filter>头文件</Filter>
    </ClInclude>
    <ClInclude Include="include\PegRow.h">
      <Filter>头文件</Filter>
    </ClInclude>
    <ClInclude Include="include\Scene.h">
      <Filter>头文件</Filter>
    </ClInclude>
    <ClInclude Include="include\Subject.h">
      <Filter>头文件</Filter>
    </ClInclude>
  </ItemGroup>
  <ItemGroup>
    <ClCompile Include="iMvc.cpp">
      <Filter>源文件</Filter>
    </ClCompile>
    <ClCompile Include="source\Model\Board.cpp">
      <Filter>源文件\Model</Filter>
    </ClCompile>
    <ClCompile Include="source\Model\GameModel.cpp">
      <Filter>源文件\Model</Filter>
    </ClCompile>
    <ClCompile Include="source\Model\Peg.cpp">
      <Filter>源文件\Model</Filter>
    </ClCompile>
    <ClCompile Include="source\Model\PegRow.cpp">
      <Filter>源文件\Model</Filter>
    </ClCompile>
    <ClCompile Include="source\Model\Subject.cpp">
      <Filter>源文件\Model</Filter>
    </ClCompile>
    <ClCompile Include="source\View\EndScene.cpp">
      <Filter>源文件\View</Filter>
    </ClCompile>
    <ClCompile Include="source\View\GameScene.cpp">
      <Filter>源文件\View</Filter>
    </ClCompile>
    <ClCompile Include="source\View\GameView.cpp">
      <Filter>源文件\View</Filter>
    </ClCompile>
    <ClCompile Include="source\View\HelpScene.cpp">
      <Filter>源文件\View</Filter>
    </ClCompile>
    <ClCompile Include="source\View\MainMenuScene.cpp">
      <Filter>源文件\View</Filter>
    </ClCompile>
    <ClCompile Include="source\View\Observer.cpp">
      <Filter>源文件\View</Filter>
    </ClCompile>
    <ClCompile Include="source\View\Scene.cpp">
      <Filter>源文件\View</Filter>
    </ClCompile>
    <ClCompile Include="source\Controller\GameController.cpp">
      <Filter>源文件\Control</Filter>
    </ClCompile>
    <ClCompile Include="source\Controller\GameEndedStateHandler.cpp">
      <Filter>源文件\Control</Filter>
    </ClCompile>
    <ClCompile Include="source\Controller\GameInProgressHandler.cpp">
      <Filter>源文件\Control</Filter>
    </ClCompile>
    <ClCompile Include="source\Controller\GameStateHandler.cpp">
      <Filter>源文件\Control</Filter>
    </ClCompile>
    <ClCompile Include="source\Controller\HelpStateHandler.cpp">
      <Filter>源文件\Control</Filter>
    </ClCompile>
    <ClCompile Include="source\Controller\MainMenuStateHandler.cpp">
      <Filter>源文件\Control</Filter>
    </ClCompile>
  </ItemGroup>
</Project>